
Microsoft Visual Studio Solution File, Format Version 12.00
Project("{FAE04EC0-301F-11D3-BF4B-00C04F79EFBC}") = "Contexts", "Contexts\Contexts.csproj", "{BE537B96-513A-4132-9003-ECB0CC3118B7}"
EndProject
Project("{FAE04EC0-301F-11D3-BF4B-00C04F79EFBC}") = "Api", "Api\Api.csproj", "{C555A831-0DEF-4998-9AF7-3AE1CCA11B89}"
EndProject
Project("{FAE04EC0-301F-11D3-BF4B-00C04F79EFBC}") = "UnitTest", "UnitTest\UnitTest.csproj", "{68ABBAD2-1A56-4B28-B9D0-C83398383412}"
EndProject
Global
	GlobalSection(SolutionConfigurationPlatforms) = preSolution
		Debug|Any CPU = Debug|Any CPU
		Release|Any CPU = Release|Any CPU
	EndGlobalSection
	GlobalSection(ProjectConfigurationPlatforms) = postSolution
		{BE537B96-513A-4132-9003-ECB0CC3118B7}.Debug|Any CPU.ActiveCfg = Debug|Any CPU
		{BE537B96-513A-4132-9003-ECB0CC3118B7}.Debug|Any CPU.Build.0 = Debug|Any CPU
		{BE537B96-513A-4132-9003-ECB0CC3118B7}.Release|Any CPU.ActiveCfg = Release|Any CPU
		{BE537B96-513A-4132-9003-ECB0CC3118B7}.Release|Any CPU.Build.0 = Release|Any CPU
		{C555A831-0DEF-4998-9AF7-3AE1CCA11B89}.Debug|Any CPU.ActiveCfg = Debug|Any CPU
		{C555A831-0DEF-4998-9AF7-3AE1CCA11B89}.Debug|Any CPU.Build.0 = Debug|Any CPU
		{C555A831-0DEF-4998-9AF7-3AE1CCA11B89}.Release|Any CPU.ActiveCfg = Release|Any CPU
		{C555A831-0DEF-4998-9AF7-3AE1CCA11B89}.Release|Any CPU.Build.0 = Release|Any CPU
		{68ABBAD2-1A56-4B28-B9D0-C83398383412}.Debug|Any CPU.ActiveCfg = Debug|Any CPU
		{68ABBAD2-1A56-4B28-B9D0-C83398383412}.Debug|Any CPU.Build.0 = Debug|Any CPU
		{68ABBAD2-1A56-4B28-B9D0-C83398383412}.Release|Any CPU.ActiveCfg = Release|Any CPU
		{68ABBAD2-1A56-4B28-B9D0-C83398383412}.Release|Any CPU.Build.0 = Release|Any CPU
	EndGlobalSection
EndGlobal
